// !$*UTF8*$!
{
	archiveVersion = 1;
	classes = {
	};
	objectVersion = 50;
	objects = {

/* Begin PBXBuildFile section */
		07161F2521EF2914002E550E /* AppDelegate.m in Sources */ = {isa = PBXBuildFile; fileRef = 07161F2421EF2914002E550E /* AppDelegate.m */; };
		07161F2821EF2914002E550E /* ViewController.m in Sources */ = {isa = PBXBuildFile; fileRef = 07161F2721EF2914002E550E /* ViewController.m */; };
		07161F2B21EF2914002E550E /* Main.storyboard in Resources */ = {isa = PBXBuildFile; fileRef = 07161F2921EF2914002E550E /* Main.storyboard */; };
		07161F2D21EF2916002E550E /* Assets.xcassets in Resources */ = {isa = PBXBuildFile; fileRef = 07161F2C21EF2916002E550E /* Assets.xcassets */; };
		07161F3021EF2916002E550E /* LaunchScreen.storyboard in Resources */ = {isa = PBXBuildFile; fileRef = 07161F2E21EF2916002E550E /* LaunchScreen.storyboard */; };
		07161F3321EF2916002E550E /* main.m in Sources */ = {isa = PBXBuildFile; fileRef = 07161F3221EF2916002E550E /* main.m */; };
		0716224921F06DE2002E550E /* FGTools.m in Sources */ = {isa = PBXBuildFile; fileRef = 0716220F21F06DE2002E550E /* FGTools.m */; };
		72C690D7B26E6DB603E0A1EF /* libPods-FGiOSKitDemo.a in Frameworks */ = {isa = PBXBuildFile; fileRef = 7BEFF1B98E3F100610792E35 /* libPods-FGiOSKitDemo.a */; };
/* End PBXBuildFile section */

/* Begin PBXFileReference section */
		07161F2021EF2914002E550E /* FGiOSKitDemo.app */ = {isa = PBXFileReference; explicitFileType = wrapper.application; includeInIndex = 0; path = FGiOSKitDemo.app; sourceTree = BUILT_PRODUCTS_DIR; };
		07161F2321EF2914002E550E /* AppDelegate.h */ = {isa = PBXFileReference; lastKnownFileType = sourcecode.c.h; path = AppDelegate.h; sourceTree = "<group>"; };
		07161F2421EF2914002E550E /* AppDelegate.m */ = {isa = PBXFileReference; lastKnownFileType = sourcecode.c.objc; path = AppDelegate.m; sourceTree = "<group>"; };
		07161F2621EF2914002E550E /* ViewController.h */ = {isa = PBXFileReference; lastKnownFileType = sourcecode.c.h; path = ViewController.h; sourceTree = "<group>"; };
		07161F2721EF2914002E550E /* ViewController.m */ = {isa = PBXFileReference; lastKnownFileType = sourcecode.c.objc; path = ViewController.m; sourceTree = "<group>"; };
		07161F2A21EF2914002E550E /* Base */ = {isa = PBXFileReference; lastKnownFileType = file.storyboard; name = Base; path = Base.lproj/Main.storyboard; sourceTree = "<group>"; };
		07161F2C21EF2916002E550E /* Assets.xcassets */ = {isa = PBXFileReference; lastKnownFileType = folder.assetcatalog; path = Assets.xcassets; sourceTree = "<group>"; };
		07161F2F21EF2916002E550E /* Base */ = {isa = PBXFileReference; lastKnownFileType = file.storyboard; name = Base; path = Base.lproj/LaunchScreen.storyboard; sourceTree = "<group>"; };
		07161F3121EF2916002E550E /* Info.plist */ = {isa = PBXFileReference; lastKnownFileType = text.plist.xml; path = Info.plist; sourceTree = "<group>"; };
		07161F3221EF2916002E550E /* main.m */ = {isa = PBXFileReference; lastKnownFileType = sourcecode.c.objc; path = main.m; sourceTree = "<group>"; };
		0716217021F05467002E550E /* CoreMotion.framework */ = {isa = PBXFileReference; lastKnownFileType = wrapper.framework; name = CoreMotion.framework; path = System/Library/Frameworks/CoreMotion.framework; sourceTree = SDKROOT; };
		0716220E21F06DE2002E550E /* FGTools.h */ = {isa = PBXFileReference; fileEncoding = 4; lastKnownFileType = sourcecode.c.h; path = FGTools.h; sourceTree = "<group>"; };
		0716220F21F06DE2002E550E /* FGTools.m */ = {isa = PBXFileReference; fileEncoding = 4; lastKnownFileType = sourcecode.c.objc; path = FGTools.m; sourceTree = "<group>"; };
		0716221021F06DE2002E550E /* FGUtilsMacro.h */ = {isa = PBXFileReference; fileEncoding = 4; lastKnownFileType = sourcecode.c.h; path = FGUtilsMacro.h; sourceTree = "<group>"; };
		0716221121F06DE2002E550E /* FGiOSKit.h */ = {isa = PBXFileReference; fileEncoding = 4; lastKnownFileType = sourcecode.c.h; path = FGiOSKit.h; sourceTree = "<group>"; };
		0716221221F06DE2002E550E /* APPConst.h */ = {isa = PBXFileReference; fileEncoding = 4; lastKnownFileType = sourcecode.c.h; path = APPConst.h; sourceTree = "<group>"; };
		0716221321F06DE2002E550E /* APPConfig.h */ = {isa = PBXFileReference; fileEncoding = 4; lastKnownFileType = sourcecode.c.h; path = APPConfig.h; sourceTree = "<group>"; };
		0AF096B71A05D716DC7E3CAF /* Pods-FGiOSKitDemo.debug.xcconfig */ = {isa = PBXFileReference; includeInIndex = 1; lastKnownFileType = text.xcconfig; name = "Pods-FGiOSKitDemo.debug.xcconfig"; path = "Target Support Files/Pods-FGiOSKitDemo/Pods-FGiOSKitDemo.debug.xcconfig"; sourceTree = "<group>"; };
		7205F2F4C2BD3D4E362D75A2 /* Pods-FGiOSKitDemo.release.xcconfig */ = {isa = PBXFileReference; includeInIndex = 1; lastKnownFileType = text.xcconfig; name = "Pods-FGiOSKitDemo.release.xcconfig"; path = "Target Support Files/Pods-FGiOSKitDemo/Pods-FGiOSKitDemo.release.xcconfig"; sourceTree = "<group>"; };
		7BEFF1B98E3F100610792E35 /* libPods-FGiOSKitDemo.a */ = {isa = PBXFileReference; explicitFileType = archive.ar; includeInIndex = 0; path = "libPods-FGiOSKitDemo.a"; sourceTree = BUILT_PRODUCTS_DIR; };
/* End PBXFileReference section */

/* Begin PBXFrameworksBuildPhase section */
		07161F1D21EF2914002E550E /* Frameworks */ = {
			isa = PBXFrameworksBuildPhase;
			buildActionMask = 2147483647;
			files = (
				72C690D7B26E6DB603E0A1EF /* libPods-FGiOSKitDemo.a in Frameworks */,
			);
			runOnlyForDeploymentPostprocessing = 0;
		};
/* End PBXFrameworksBuildPhase section */

/* Begin PBXGroup section */
		07161F1721EF2914002E550E = {
			isa = PBXGroup;
			children = (
				07161F2221EF2914002E550E /* FGiOSKitDemo */,
				07161F2121EF2914002E550E /* Products */,
				8831B0AA201A0D8384EA1C60 /* Pods */,
				E8D651D4995F2135D9DB1F0A /* Frameworks */,
			);
			sourceTree = "<group>";
		};
		07161F2121EF2914002E550E /* Products */ = {
			isa = PBXGroup;
			children = (
				07161F2021EF2914002E550E /* FGiOSKitDemo.app */,
			);
			name = Products;
			sourceTree = "<group>";
		};
		07161F2221EF2914002E550E /* FGiOSKitDemo */ = {
			isa = PBXGroup;
			children = (
				0716219621F06DE2002E550E /* FGiOSKit */,
				07161F2321EF2914002E550E /* AppDelegate.h */,
				07161F2421EF2914002E550E /* AppDelegate.m */,
				07161F2621EF2914002E550E /* ViewController.h */,
				07161F2721EF2914002E550E /* ViewController.m */,
				07161F2921EF2914002E550E /* Main.storyboard */,
				07161F2C21EF2916002E550E /* Assets.xcassets */,
				07161F2E21EF2916002E550E /* LaunchScreen.storyboard */,
				07161F3121EF2916002E550E /* Info.plist */,
				07161F3221EF2916002E550E /* main.m */,
			);
			path = FGiOSKitDemo;
			sourceTree = "<group>";
		};
		0716219621F06DE2002E550E /* FGiOSKit */ = {
			isa = PBXGroup;
			children = (
				0716219721F06DE2002E550E /* iOSKit */,
				0716221121F06DE2002E550E /* FGiOSKit.h */,
				0716221221F06DE2002E550E /* APPConst.h */,
				0716221321F06DE2002E550E /* APPConfig.h */,
			);
			name = FGiOSKit;
			path = ../../FGiOSKit;
			sourceTree = "<group>";
		};
		0716219721F06DE2002E550E /* iOSKit */ = {
			isa = PBXGroup;
			children = (
				0716220D21F06DE2002E550E /* Helper */,
			);
			path = iOSKit;
			sourceTree = "<group>";
		};
		0716220D21F06DE2002E550E /* Helper */ = {
			isa = PBXGroup;
			children = (
				0716220E21F06DE2002E550E /* FGTools.h */,
				0716220F21F06DE2002E550E /* FGTools.m */,
				0716221021F06DE2002E550E /* FGUtilsMacro.h */,
			);
			path = Helper;
			sourceTree = "<group>";
		};
		8831B0AA201A0D8384EA1C60 /* Pods */ = {
			isa = PBXGroup;
			children = (
				0AF096B71A05D716DC7E3CAF /* Pods-FGiOSKitDemo.debug.xcconfig */,
				7205F2F4C2BD3D4E362D75A2 /* Pods-FGiOSKitDemo.release.xcconfig */,
			);
			path = Pods;
			sourceTree = "<group>";
		};
		E8D651D4995F2135D9DB1F0A /* Frameworks */ = {
			isa = PBXGroup;
			children = (
				0716217021F05467002E550E /* CoreMotion.framework */,
				7BEFF1B98E3F100610792E35 /* libPods-FGiOSKitDemo.a */,
			);
			name = Frameworks;
			sourceTree = "<group>";
		};
/* End PBXGroup section */

/* Begin PBXNativeTarget section */
		07161F1F21EF2914002E550E /* FGiOSKitDemo */ = {
			isa = PBXNativeTarget;
			buildConfigurationList = 07161F3621EF2916002E550E /* Build configuration list for PBXNativeTarget "FGiOSKitDemo" */;
			buildPhases = (
				4FD897E8AD9BB6751410090D /* [CP] Check Pods Manifest.lock */,
				07161F1C21EF2914002E550E /* Sources */,
				07161F1D21EF2914002E550E /* Frameworks */,
				07161F1E21EF2914002E550E /* Resources */,
			);
			buildRules = (
			);
			dependencies = (
			);
			name = FGiOSKitDemo;
			productName = FGiOSKitDemo;
			productReference = 07161F2021EF2914002E550E /* FGiOSKitDemo.app */;
			productType = "com.apple.product-type.application";
		};
/* End PBXNativeTarget section */

/* Begin PBXProject section */
		07161F1821EF2914002E550E /* Project object */ = {
			isa = PBXProject;
			attributes = {
				LastUpgradeCheck = 1010;
				ORGANIZATIONNAME = YangWeiCong;
				TargetAttributes = {
					07161F1F21EF2914002E550E = {
						CreatedOnToolsVersion = 10.1;
					};
				};
			};
			buildConfigurationList = 07161F1B21EF2914002E550E /* Build configuration list for PBXProject "FGiOSKitDemo" */;
			compatibilityVersion = "Xcode 9.3";
			developmentRegion = en;
			hasScannedForEncodings = 0;
			knownRegions = (
				en,
				Base,
			);
			mainGroup = 07161F1721EF2914002E550E;
			productRefGroup = 07161F2121EF2914002E550E /* Products */;
			projectDirPath = "";
			projectRoot = "";
			targets = (
				07161F1F21EF2914002E550E /* FGiOSKitDemo */,
			);
		};
/* End PBXProject section */

/* Begin PBXResourcesBuildPhase section */
		07161F1E21EF2914002E550E /* Resources */ = {
			isa = PBXResourcesBuildPhase;
			buildActionMask = 2147483647;
			files = (
				07161F3021EF2916002E550E /* LaunchScreen.storyboard in Resources */,
				07161F2D21EF2916002E550E /* Assets.xcassets in Resources */,
				07161F2B21EF2914002E550E /* Main.storyboard in Resources */,
			);
			runOnlyForDeploymentPostprocessing = 0;
		};
/* End PBXResourcesBuildPhase section */

/* Begin PBXShellScriptBuildPhase section */
		4FD897E8AD9BB6751410090D /* [CP] Check Pods Manifest.lock */ = {
			isa = PBXShellScriptBuildPhase;
			buildActionMask = 2147483647;
			files = (
			);
			inputFileListPaths = (
			);
			inputPaths = (
				"${PODS_PODFILE_DIR_PATH}/Podfile.lock",
				"${PODS_ROOT}/Manifest.lock",
			);
			name = "[CP] Check Pods Manifest.lock";
			outputFileListPaths = (
			);
			outputPaths = (
				"$(DERIVED_FILE_DIR)/Pods-FGiOSKitDemo-checkManifestLockResult.txt",
			);
			runOnlyForDeploymentPostprocessing = 0;
			shellPath = /bin/sh;
			shellScript = "diff \"${PODS_PODFILE_DIR_PATH}/Podfile.lock\" \"${PODS_ROOT}/Manifest.lock\" > /dev/null\nif [ $? != 0 ] ; then\n    # print error to STDERR\n    echo \"error: The sandbox is not in sync with the Podfile.lock. Run 'pod install' or update your CocoaPods installation.\" >&2\n    exit 1\nfi\n# This output is used by Xcode 'outputs' to avoid re-running this script phase.\necho \"SUCCESS\" > \"${SCRIPT_OUTPUT_FILE_0}\"\n";
			showEnvVarsInLog = 0;
		};
/* End PBXShellScriptBuildPhase section */

/* Begin PBXSourcesBuildPhase section */
		07161F1C21EF2914002E550E /* Sources */ = {
			isa = PBXSourcesBuildPhase;
			buildActionMask = 2147483647;
			files = (
				07161F2821EF2914002E550E /* ViewController.m in Sources */,
				0716224921F06DE2002E550E /* FGTools.m in Sources */,
				07161F3321EF2916002E550E /* main.m in Sources */,
				07161F2521EF2914002E550E /* AppDelegate.m in Sources */,
			);
			runOnlyForDeploymentPostprocessing = 0;
		};
/* End PBXSourcesBuildPhase section */

/* Begin PBXVariantGroup section */
		07161F2921EF2914002E550E /* Main.storyboard */ = {
			isa = PBXVariantGroup;
			children = (
				07161F2A21EF2914002E550E /* Base */,
			);
			name = Main.storyboard;
			sourceTree = "<group>";
		};
		07161F2E21EF2916002E550E /* LaunchScreen.storyboard */ = {
			isa = PBXVariantGroup;
			children = (
				07161F2F21EF2916002E550E /* Base */,
			);
			name = LaunchScreen.storyboard;
			sourceTree = "<group>";
		};
/* End PBXVariantGroup section */

/* Begin XCBuildConfiguration section */
		07161F3421EF2916002E550E /* Debug */ = {
			isa = XCBuildConfiguration;
			buildSettings = {
				ALWAYS_SEARCH_USER_PATHS = NO;
				CLANG_ANALYZER_NONNULL = YES;
				CLANG_ANALYZER_NUMBER_OBJECT_CONVERSION = YES_AGGRESSIVE;
				CLANG_CXX_LANGUAGE_STANDARD = "gnu++14";
				CLANG_CXX_LIBRARY = "libc++";
				CLANG_ENABLE_MODULES = YES;
				CLANG_ENABLE_OBJC_ARC = YES;
				CLANG_ENABLE_OBJC_WEAK = YES;
				CLANG_WARN_BLOCK_CAPTURE_AUTORELEASING = YES;
				CLANG_WARN_BOOL_CONVERSION = YES;
				CLANG_WARN_COMMA = YES;
				CLANG_WARN_CONSTANT_CONVERSION = YES;
				CLANG_WARN_DEPRECATED_OBJC_IMPLEMENTATIONS = YES;
				CLANG_WARN_DIRECT_OBJC_ISA_USAGE = YES_ERROR;
				CLANG_WARN_DOCUMENTATION_COMMENTS = YES;
				CLANG_WARN_EMPTY_BODY = YES;
				CLANG_WARN_ENUM_CONVERSION = YES;
				CLANG_WARN_INFINITE_RECURSION = YES;
				CLANG_WARN_INT_CONVERSION = YES;
				CLANG_WARN_NON_LITERAL_NULL_CONVERSION = YES;
				CLANG_WARN_OBJC_IMPLICIT_RETAIN_SELF = YES;
				CLANG_WARN_OBJC_LITERAL_CONVERSION = YES;
				CLANG_WARN_OBJC_ROOT_CLASS = YES_ERROR;
				CLANG_WARN_RANGE_LOOP_ANALYSIS = YES;
				CLANG_WARN_STRICT_PROTOTYPES = YES;
				CLANG_WARN_SUSPICIOUS_MOVE = YES;
				CLANG_WARN_UNGUARDED_AVAILABILITY = YES_AGGRESSIVE;
				CLANG_WARN_UNREACHABLE_CODE = YES;
				CLANG_WARN__DUPLICATE_METHOD_MATCH = YES;
				CODE_SIGN_IDENTITY = "iPhone Developer";
				COPY_PHASE_STRIP = NO;
				DEBUG_INFORMATION_FORMAT = dwarf;
				ENABLE_STRICT_OBJC_MSGSEND = YES;
				ENABLE_TESTABILITY = YES;
				GCC_C_LANGUAGE_STANDARD = gnu11;
				GCC_DYNAMIC_NO_PIC = NO;
				GCC_NO_COMMON_BLOCKS = YES;
				GCC_OPTIMIZATION_LEVEL = 0;
				GCC_PREPROCESSOR_DEFINITIONS = (
					"DEBUG=1",
					"$(inherited)",
				);
				GCC_WARN_64_TO_32_BIT_CONVERSION = YES;
				GCC_WARN_ABOUT_RETURN_TYPE = YES_ERROR;
				GCC_WARN_UNDECLARED_SELECTOR = YES;
				GCC_WARN_UNINITIALIZED_AUTOS = YES_AGGRESSIVE;
				GCC_WARN_UNUSED_FUNCTION = YES;
				GCC_WARN_UNUSED_VARIABLE = YES;
				IPHONEOS_DEPLOYMENT_TARGET = 12.1;
				MTL_ENABLE_DEBUG_INFO = INCLUDE_SOURCE;
				MTL_FAST_MATH = YES;
				ONLY_ACTIVE_ARCH = YES;
				SDKROOT = iphoneos;
			};
			name = Debug;
		};
		07161F3521EF2916002E550E /* Release */ = {
			isa = XCBuildConfiguration;
			buildSettings = {
				ALWAYS_SEARCH_USER_PATHS = NO;
				CLANG_ANALYZER_NONNULL = YES;
				CLANG_ANALYZER_NUMBER_OBJECT_CONVERSION = YES_AGGRESSIVE;
				CLANG_CXX_LANGUAGE_STANDARD = "gnu++14";
				CLANG_CXX_LIBRARY = "libc++";
				CLANG_ENABLE_MODULES = YES;
				CLANG_ENABLE_OBJC_ARC = YES;
				CLANG_ENABLE_OBJC_WEAK = YES;
				CLANG_WARN_BLOCK_CAPTURE_AUTORELEASING = YES;
				CLANG_WARN_BOOL_CONVERSION = YES;
				CLANG_WARN_COMMA = YES;
				CLANG_WARN_CONSTANT_CONVERSION = YES;
				CLANG_WARN_DEPRECATED_OBJC_IMPLEMENTATIONS = YES;
				CLANG_WARN_DIRECT_OBJC_ISA_USAGE = YES_ERROR;
				CLANG_WARN_DOCUMENTATION_COMMENTS = YES;
				CLANG_WARN_EMPTY_BODY = YES;
				CLANG_WARN_ENUM_CONVERSION = YES;
				CLANG_WARN_INFINITE_RECURSION = YES;
				CLANG_WARN_INT_CONVERSION = YES;
				CLANG_WARN_NON_LITERAL_NULL_CONVERSION = YES;
				CLANG_WARN_OBJC_IMPLICIT_RETAIN_SELF = YES;
				CLANG_WARN_OBJC_LITERAL_CONVERSION = YES;
				CLANG_WARN_OBJC_ROOT_CLASS = YES_ERROR;
				CLANG_WARN_RANGE_LOOP_ANALYSIS = YES;
				CLANG_WARN_STRICT_PROTOTYPES = YES;
				CLANG_WARN_SUSPICIOUS_MOVE = YES;
				CLANG_WARN_UNGUARDED_AVAILABILITY = YES_AGGRESSIVE;
				CLANG_WARN_UNREACHABLE_CODE = YES;
				CLANG_WARN__DUPLICATE_METHOD_MATCH = YES;
				CODE_SIGN_IDENTITY = "iPhone Developer";
				COPY_PHASE_STRIP = NO;
				DEBUG_INFORMATION_FORMAT = "dwarf-with-dsym";
				ENABLE_NS_ASSERTIONS = NO;
				ENABLE_STRICT_OBJC_MSGSEND = YES;
				GCC_C_LANGUAGE_STANDARD = gnu11;
				GCC_NO_COMMON_BLOCKS = YES;
				GCC_WARN_64_TO_32_BIT_CONVERSION = YES;
				GCC_WARN_ABOUT_RETURN_TYPE = YES_ERROR;
				GCC_WARN_UNDECLARED_SELECTOR = YES;
				GCC_WARN_UNINITIALIZED_AUTOS = YES_AGGRESSIVE;
				GCC_WARN_UNUSED_FUNCTION = YES;
				GCC_WARN_UNUSED_VARIABLE = YES;
				IPHONEOS_DEPLOYMENT_TARGET = 12.1;
				MTL_ENABLE_DEBUG_INFO = NO;
				MTL_FAST_MATH = YES;
				SDKROOT = iphoneos;
				VALIDATE_PRODUCT = YES;
			};
			name = Release;
		};
		07161F3721EF2916002E550E /* Debug */ = {
			isa = XCBuildConfiguration;
			baseConfigurationReference = 0AF096B71A05D716DC7E3CAF /* Pods-FGiOSKitDemo.debug.xcconfig */;
			buildSettings = {
				ASSETCATALOG_COMPILER_APPICON_NAME = AppIcon;
				CODE_SIGN_STYLE = Automatic;
				INFOPLIST_FILE = FGiOSKitDemo/Info.plist;
				IPHONEOS_DEPLOYMENT_TARGET = 9.0;
				LD_RUNPATH_SEARCH_PATHS = (
					"$(inherited)",
					"@executable_path/Frameworks",
				);
				LIBRARY_SEARCH_PATHS = (
					"$(inherited)",
					"\"${PODS_CONFIGURATION_BUILD_DIR}/AFNetworking\"",
					"\"${PODS_CONFIGURATION_BUILD_DIR}/AliyunOSSiOS\"",
					"\"${PODS_CONFIGURATION_BUILD_DIR}/DACircularProgress\"",
					"\"${PODS_CONFIGURATION_BUILD_DIR}/EasyNavigation\"",
					"\"${PODS_CONFIGURATION_BUILD_DIR}/FLAnimatedImage\"",
					"\"${PODS_CONFIGURATION_BUILD_DIR}/JKCategories\"",
					"\"${PODS_CONFIGURATION_BUILD_DIR}/MBProgressHUD\"",
					"\"${PODS_CONFIGURATION_BUILD_DIR}/MJExtension\"",
					"\"${PODS_CONFIGURATION_BUILD_DIR}/MJRefresh\"",
					"\"${PODS_CONFIGURATION_BUILD_DIR}/Masonry\"",
					"\"${PODS_CONFIGURATION_BUILD_DIR}/PYPhotoBrowser\"",
					"\"${PODS_CONFIGURATION_BUILD_DIR}/ReactiveObjC\"",
					"\"${PODS_CONFIGURATION_BUILD_DIR}/SDCycleScrollView\"",
					"\"${PODS_CONFIGURATION_BUILD_DIR}/SDWebImage\"",
					"\"${PODS_CONFIGURATION_BUILD_DIR}/TPKeyboardAvoiding\"",
					"\"${PODS_CONFIGURATION_BUILD_DIR}/TZImagePickerController\"",
					"\"${PODS_CONFIGURATION_BUILD_DIR}/UITableView+FDTemplateLayoutCell\"",
					"\"${PODS_CONFIGURATION_BUILD_DIR}/WMPageController\"",
					"\"${PODS_CONFIGURATION_BUILD_DIR}/YYKit\"",
					"\"${PODS_ROOT}/UMCShare/UMShare/SocialLibraries/QQ\"",
					"\"${PODS_ROOT}/UMCShare/UMShare/SocialLibraries/Sina\"",
					"\"${PODS_ROOT}/UMCShare/UMShare/SocialLibraries/Sina/SinaSDK\"",
					"\"${PODS_ROOT}/UMCShare/UMShare/SocialLibraries/WeChat\"",
				);
				PRODUCT_BUNDLE_IDENTIFIER = com.FGiOSKitDemo;
				PRODUCT_NAME = "$(TARGET_NAME)";
				TARGETED_DEVICE_FAMILY = "1,2";
			};
			name = Debug;
		};
		07161F3821EF2916002E550E /* Release */ = {
			isa = XCBuildConfiguration;
			baseConfigurationReference = 7205F2F4C2BD3D4E362D75A2 /* Pods-FGiOSKitDemo.release.xcconfig */;
			buildSettings = {
				ASSETCATALOG_COMPILER_APPICON_NAME = AppIcon;
				CODE_SIGN_STYLE = Automatic;
				INFOPLIST_FILE = FGiOSKitDemo/Info.plist;
				IPHONEOS_DEPLOYMENT_TARGET = 9.0;
				LD_RUNPATH_SEARCH_PATHS = (
					"$(inherited)",
					"@executable_path/Frameworks",
				);
				LIBRARY_SEARCH_PATHS = (
					"$(inherited)",
					"\"${PODS_CONFIGURATION_BUILD_DIR}/AFNetworking\"",
					"\"${PODS_CONFIGURATION_BUILD_DIR}/AliyunOSSiOS\"",
					"\"${PODS_CONFIGURATION_BUILD_DIR}/DACircularProgress\"",
					"\"${PODS_CONFIGURATION_BUILD_DIR}/EasyNavigation\"",
					"\"${PODS_CONFIGURATION_BUILD_DIR}/FLAnimatedImage\"",
					"\"${PODS_CONFIGURATION_BUILD_DIR}/JKCategories\"",
					"\"${PODS_CONFIGURATION_BUILD_DIR}/MBProgressHUD\"",
					"\"${PODS_CONFIGURATION_BUILD_DIR}/MJExtension\"",
					"\"${PODS_CONFIGURATION_BUILD_DIR}/MJRefresh\"",
					"\"${PODS_CONFIGURATION_BUILD_DIR}/Masonry\"",
					"\"${PODS_CONFIGURATION_BUILD_DIR}/PYPhotoBrowser\"",
					"\"${PODS_CONFIGURATION_BUILD_DIR}/ReactiveObjC\"",
					"\"${PODS_CONFIGURATION_BUILD_DIR}/SDCycleScrollView\"",
					"\"${PODS_CONFIGURATION_BUILD_DIR}/SDWebImage\"",
					"\"${PODS_CONFIGURATION_BUILD_DIR}/TPKeyboardAvoiding\"",
					"\"${PODS_CONFIGURATION_BUILD_DIR}/TZImagePickerController\"",
					"\"${PODS_CONFIGURATION_BUILD_DIR}/UITableView+FDTemplateLayoutCell\"",
					"\"${PODS_CONFIGURATION_BUILD_DIR}/WMPageController\"",
					"\"${PODS_CONFIGURATION_BUILD_DIR}/YYKit\"",
					"\"${PODS_ROOT}/UMCShare/UMShare/SocialLibraries/QQ\"",
					"\"${PODS_ROOT}/UMCShare/UMShare/SocialLibraries/Sina\"",
					"\"${PODS_ROOT}/UMCShare/UMShare/SocialLibraries/Sina/SinaSDK\"",
					"\"${PODS_ROOT}/UMCShare/UMShare/SocialLibraries/WeChat\"",
				);
				PRODUCT_BUNDLE_IDENTIFIER = com.FGiOSKitDemo;
				PRODUCT_NAME = "$(TARGET_NAME)";
				TARGETED_DEVICE_FAMILY = "1,2";
			};
			name = Release;
		};
/* End XCBuildConfiguration section */

/* Begin XCConfigurationList section */
		07161F1B21EF2914002E550E /* Build configuration list for PBXProject "FGiOSKitDemo" */ = {
			isa = XCConfigurationList;
			buildConfigurations = (
				07161F3421EF2916002E550E /* Debug */,
				07161F3521EF2916002E550E /* Release */,
			);
			defaultConfigurationIsVisible = 0;
			defaultConfigurationName = Release;
		};
		07161F3621EF2916002E550E /* Build configuration list for PBXNativeTarget "FGiOSKitDemo" */ = {
			isa = XCConfigurationList;
			buildConfigurations = (
				07161F3721EF2916002E550E /* Debug */,
				07161F3821EF2916002E550E /* Release */,
			);
			defaultConfigurationIsVisible = 0;
			defaultConfigurationName = Release;
		};
/* End XCConfigurationList section */
	};
	rootObject = 07161F1821EF2914002E550E /* Project object */;
}
